
Microsoft Visual Studio Solution File, Format Version 12.00
# Visual Studio Version 17
VisualStudioVersion = 17.7.34024.191
MinimumVisualStudioVersion = 10.0.40219.1
Project("{8BC9CEB8-8B4A-11D0-8D11-00A0C91BC942}") = "把字符串转换成整数", "把字符串转换成整数.vcxproj", "{C6BF7B20-3145-4C2D-B998-7C53698B0820}"
EndProject
Global
	GlobalSection(SolutionConfigurationPlatforms) = preSolution
		Debug|x64 = Debug|x64
		Debug|x86 = Debug|x86
		Release|x64 = Release|x64
		Release|x86 = Release|x86
	EndGlobalSection
	GlobalSection(ProjectConfigurationPlatforms) = postSolution
		{C6BF7B20-3145-4C2D-B998-7C53698B0820}.Debug|x64.ActiveCfg = Debug|x64
		{C6BF7B20-3145-4C2D-B998-7C53698B0820}.Debug|x64.Build.0 = Debug|x64
		{C6BF7B20-3145-4C2D-B998-7C53698B0820}.Debug|x86.ActiveCfg = Debug|Win32
		{C6BF7B20-3145-4C2D-B998-7C53698B0820}.Debug|x86.Build.0 = Debug|Win32
		{C6BF7B20-3145-4C2D-B998-7C53698B0820}.Release|x64.ActiveCfg = Release|x64
		{C6BF7B20-3145-4C2D-B998-7C53698B0820}.Release|x64.Build.0 = Release|x64
		{C6BF7B20-3145-4C2D-B998-7C53698B0820}.Release|x86.ActiveCfg = Release|Win32
		{C6BF7B20-3145-4C2D-B998-7C53698B0820}.Release|x86.Build.0 = Release|Win32
	EndGlobalSection
	GlobalSection(SolutionProperties) = preSolution
		HideSolutionNode = FALSE
	EndGlobalSection
	GlobalSection(ExtensibilityGlobals) = postSolution
		SolutionGuid = {DD016D30-8371-4DB9-BC85-5F452F67D38B}
	EndGlobalSection
EndGlobal
