
Microsoft Visual Studio Solution File, Format Version 12.00
# Visual Studio Version 17
VisualStudioVersion = 17.7.34024.191
MinimumVisualStudioVersion = 10.0.40219.1
Project("{8BC9CEB8-8B4A-11D0-8D11-00A0C91BC942}") = "Project1", "Project1.vcxproj", "{022A4929-F9B7-4D4D-B519-51C3BA1FEB74}"
EndProject
Global
	GlobalSection(SolutionConfigurationPlatforms) = preSolution
		Debug|x64 = Debug|x64
		Debug|x86 = Debug|x86
		Release|x64 = Release|x64
		Release|x86 = Release|x86
	EndGlobalSection
	GlobalSection(ProjectConfigurationPlatforms) = postSolution
		{022A4929-F9B7-4D4D-B519-51C3BA1FEB74}.Debug|x64.ActiveCfg = Debug|x64
		{022A4929-F9B7-4D4D-B519-51C3BA1FEB74}.Debug|x64.Build.0 = Debug|x64
		{022A4929-F9B7-4D4D-B519-51C3BA1FEB74}.Debug|x86.ActiveCfg = Debug|Win32
		{022A4929-F9B7-4D4D-B519-51C3BA1FEB74}.Debug|x86.Build.0 = Debug|Win32
		{022A4929-F9B7-4D4D-B519-51C3BA1FEB74}.Release|x64.ActiveCfg = Release|x64
		{022A4929-F9B7-4D4D-B519-51C3BA1FEB74}.Release|x64.Build.0 = Release|x64
		{022A4929-F9B7-4D4D-B519-51C3BA1FEB74}.Release|x86.ActiveCfg = Release|Win32
		{022A4929-F9B7-4D4D-B519-51C3BA1FEB74}.Release|x86.Build.0 = Release|Win32
	EndGlobalSection
	GlobalSection(SolutionProperties) = preSolution
		HideSolutionNode = FALSE
	EndGlobalSection
	GlobalSection(ExtensibilityGlobals) = postSolution
		SolutionGuid = {250EE875-9AA8-4B7C-937C-4A55BB9F17A9}
	EndGlobalSection
EndGlobal
