
Microsoft Visual Studio Solution File, Format Version 12.00
# Visual Studio Version 17
VisualStudioVersion = 17.7.34024.191
MinimumVisualStudioVersion = 10.0.40219.1
Project("{8BC9CEB8-8B4A-11D0-8D11-00A0C91BC942}") = "BloomFilter", "BloomFilter.vcxproj", "{BA66C264-D6F2-445B-93D2-0F038555DB74}"
EndProject
Global
	GlobalSection(SolutionConfigurationPlatforms) = preSolution
		Debug|x64 = Debug|x64
		Debug|x86 = Debug|x86
		Release|x64 = Release|x64
		Release|x86 = Release|x86
	EndGlobalSection
	GlobalSection(ProjectConfigurationPlatforms) = postSolution
		{BA66C264-D6F2-445B-93D2-0F038555DB74}.Debug|x64.ActiveCfg = Debug|x64
		{BA66C264-D6F2-445B-93D2-0F038555DB74}.Debug|x64.Build.0 = Debug|x64
		{BA66C264-D6F2-445B-93D2-0F038555DB74}.Debug|x86.ActiveCfg = Debug|Win32
		{BA66C264-D6F2-445B-93D2-0F038555DB74}.Debug|x86.Build.0 = Debug|Win32
		{BA66C264-D6F2-445B-93D2-0F038555DB74}.Release|x64.ActiveCfg = Release|x64
		{BA66C264-D6F2-445B-93D2-0F038555DB74}.Release|x64.Build.0 = Release|x64
		{BA66C264-D6F2-445B-93D2-0F038555DB74}.Release|x86.ActiveCfg = Release|Win32
		{BA66C264-D6F2-445B-93D2-0F038555DB74}.Release|x86.Build.0 = Release|Win32
	EndGlobalSection
	GlobalSection(SolutionProperties) = preSolution
		HideSolutionNode = FALSE
	EndGlobalSection
	GlobalSection(ExtensibilityGlobals) = postSolution
		SolutionGuid = {F4DBB960-B5FD-4BE5-B3E8-C0189086F496}
	EndGlobalSection
EndGlobal
